// !$*UTF8*$!
{
	archiveVersion = 1;
	classes = {
	};
	objectVersion = 77;
	objects = {

/* Begin PBXBuildFile section */
		3E8F20E72E13B49400AA75EB /* IJKMediaFrameworkWithSSL.framework in Frameworks */ = {isa = PBXBuildFile; fileRef = 3E8F20E62E13B49400AA75EB /* IJKMediaFrameworkWithSSL.framework */; };
		3E8F20E82E13B49400AA75EB /* IJKMediaFrameworkWithSSL.framework in Embed Frameworks */ = {isa = PBXBuildFile; fileRef = 3E8F20E62E13B49400AA75EB /* IJKMediaFrameworkWithSSL.framework */; settings = {ATTRIBUTES = (CodeSignOnCopy, RemoveHeadersOnCopy, ); }; };
/* End PBXBuildFile section */

/* Begin PBXContainerItemProxy section */
		3E8F20BD2E13AE7D00AA75EB /* PBXContainerItemProxy */ = {
			isa = PBXContainerItemProxy;
			containerPortal = 3E8F20A32E13AE7800AA75EB /* Project object */;
			proxyType = 1;
			remoteGlobalIDString = 3E8F20AA2E13AE7800AA75EB;
			remoteInfo = TestIJKDemo;
		};
		3E8F20C72E13AE7D00AA75EB /* PBXContainerItemProxy */ = {
			isa = PBXContainerItemProxy;
			containerPortal = 3E8F20A32E13AE7800AA75EB /* Project object */;
			proxyType = 1;
			remoteGlobalIDString = 3E8F20AA2E13AE7800AA75EB;
			remoteInfo = TestIJKDemo;
		};
/* End PBXContainerItemProxy section */

/* Begin PBXCopyFilesBuildPhase section */
		3E8F20E92E13B49500AA75EB /* Embed Frameworks */ = {
			isa = PBXCopyFilesBuildPhase;
			buildActionMask = 2147483647;
			dstPath = "";
			dstSubfolderSpec = 10;
			files = (
				3E8F20E82E13B49400AA75EB /* IJKMediaFrameworkWithSSL.framework in Embed Frameworks */,
			);
			name = "Embed Frameworks";
			runOnlyForDeploymentPostprocessing = 0;
		};
/* End PBXCopyFilesBuildPhase section */

/* Begin PBXFileReference section */
		3E8F20AB2E13AE7800AA75EB /* TestIJKDemo.app */ = {isa = PBXFileReference; explicitFileType = wrapper.application; includeInIndex = 0; path = TestIJKDemo.app; sourceTree = BUILT_PRODUCTS_DIR; };
		3E8F20BC2E13AE7D00AA75EB /* TestIJKDemoTests.xctest */ = {isa = PBXFileReference; explicitFileType = wrapper.cfbundle; includeInIndex = 0; path = TestIJKDemoTests.xctest; sourceTree = BUILT_PRODUCTS_DIR; };
		3E8F20C62E13AE7D00AA75EB /* TestIJKDemoUITests.xctest */ = {isa = PBXFileReference; explicitFileType = wrapper.cfbundle; includeInIndex = 0; path = TestIJKDemoUITests.xctest; sourceTree = BUILT_PRODUCTS_DIR; };
		3E8F20E62E13B49400AA75EB /* IJKMediaFrameworkWithSSL.framework */ = {isa = PBXFileReference; lastKnownFileType = wrapper.framework; name = IJKMediaFrameworkWithSSL.framework; path = Frameworks/IJKMediaFrameworkWithSSL.framework; sourceTree = "<group>"; };
/* End PBXFileReference section */

/* Begin PBXFileSystemSynchronizedRootGroup section */
		3E8F20AD2E13AE7800AA75EB /* TestIJKDemo */ = {
			isa = PBXFileSystemSynchronizedRootGroup;
			path = TestIJKDemo;
			sourceTree = "<group>";
		};
		3E8F20BF2E13AE7D00AA75EB /* TestIJKDemoTests */ = {
			isa = PBXFileSystemSynchronizedRootGroup;
			path = TestIJKDemoTests;
			sourceTree = "<group>";
		};
		3E8F20C92E13AE7D00AA75EB /* TestIJKDemoUITests */ = {
			isa = PBXFileSystemSynchronizedRootGroup;
			path = TestIJKDemoUITests;
			sourceTree = "<group>";
		};
/* End PBXFileSystemSynchronizedRootGroup section */

/* Begin PBXFrameworksBuildPhase section */
		3E8F20A82E13AE7800AA75EB /* Frameworks */ = {
			isa = PBXFrameworksBuildPhase;
			buildActionMask = 2147483647;
			files = (
				3E8F20E72E13B49400AA75EB /* IJKMediaFrameworkWithSSL.framework in Frameworks */,
			);
			runOnlyForDeploymentPostprocessing = 0;
		};
		3E8F20B92E13AE7D00AA75EB /* Frameworks */ = {
			isa = PBXFrameworksBuildPhase;
			buildActionMask = 2147483647;
			files = (
			);
			runOnlyForDeploymentPostprocessing = 0;
		};
		3E8F20C32E13AE7D00AA75EB /* Frameworks */ = {
			isa = PBXFrameworksBuildPhase;
			buildActionMask = 2147483647;
			files = (
			);
			runOnlyForDeploymentPostprocessing = 0;
		};
/* End PBXFrameworksBuildPhase section */

/* Begin PBXGroup section */
		3E8F20A22E13AE7800AA75EB = {
			isa = PBXGroup;
			children = (
				3E8F20AD2E13AE7800AA75EB /* TestIJKDemo */,
				3E8F20BF2E13AE7D00AA75EB /* TestIJKDemoTests */,
				3E8F20C92E13AE7D00AA75EB /* TestIJKDemoUITests */,
				3E8F20AC2E13AE7800AA75EB /* Products */,
				3E8F20E52E13B49400AA75EB /* Frameworks */,
			);
			sourceTree = "<group>";
		};
		3E8F20AC2E13AE7800AA75EB /* Products */ = {
			isa = PBXGroup;
			children = (
				3E8F20AB2E13AE7800AA75EB /* TestIJKDemo.app */,
				3E8F20BC2E13AE7D00AA75EB /* TestIJKDemoTests.xctest */,
				3E8F20C62E13AE7D00AA75EB /* TestIJKDemoUITests.xctest */,
			);
			name = Products;
			sourceTree = "<group>";
		};
		3E8F20E52E13B49400AA75EB /* Frameworks */ = {
			isa = PBXGroup;
			children = (
				3E8F20E62E13B49400AA75EB /* IJKMediaFrameworkWithSSL.framework */,
			);
			name = Frameworks;
			sourceTree = "<group>";
		};
/* End PBXGroup section */

/* Begin PBXNativeTarget section */
		3E8F20AA2E13AE7800AA75EB /* TestIJKDemo */ = {
			isa = PBXNativeTarget;
			buildConfigurationList = 3E8F20D02E13AE7D00AA75EB /* Build configuration list for PBXNativeTarget "TestIJKDemo" */;
			buildPhases = (
				3E8F20A72E13AE7800AA75EB /* Sources */,
				3E8F20A82E13AE7800AA75EB /* Frameworks */,
				3E8F20A92E13AE7800AA75EB /* Resources */,
				3E8F20E92E13B49500AA75EB /* Embed Frameworks */,
			);
			buildRules = (
			);
			dependencies = (
			);
			fileSystemSynchronizedGroups = (
				3E8F20AD2E13AE7800AA75EB /* TestIJKDemo */,
			);
			name = TestIJKDemo;
			packageProductDependencies = (
			);
			productName = TestIJKDemo;
			productReference = 3E8F20AB2E13AE7800AA75EB /* TestIJKDemo.app */;
			productType = "com.apple.product-type.application";
		};
		3E8F20BB2E13AE7D00AA75EB /* TestIJKDemoTests */ = {
			isa = PBXNativeTarget;
			buildConfigurationList = 3E8F20D32E13AE7D00AA75EB /* Build configuration list for PBXNativeTarget "TestIJKDemoTests" */;
			buildPhases = (
				3E8F20B82E13AE7D00AA75EB /* Sources */,
				3E8F20B92E13AE7D00AA75EB /* Frameworks */,
				3E8F20BA2E13AE7D00AA75EB /* Resources */,
			);
			buildRules = (
			);
			dependencies = (
				3E8F20BE2E13AE7D00AA75EB /* PBXTargetDependency */,
			);
			fileSystemSynchronizedGroups = (
				3E8F20BF2E13AE7D00AA75EB /* TestIJKDemoTests */,
			);
			name = TestIJKDemoTests;
			packageProductDependencies = (
			);
			productName = TestIJKDemoTests;
			productReference = 3E8F20BC2E13AE7D00AA75EB /* TestIJKDemoTests.xctest */;
			productType = "com.apple.product-type.bundle.unit-test";
		};
		3E8F20C52E13AE7D00AA75EB /* TestIJKDemoUITests */ = {
			isa = PBXNativeTarget;
			buildConfigurationList = 3E8F20D62E13AE7D00AA75EB /* Build configuration list for PBXNativeTarget "TestIJKDemoUITests" */;
			buildPhases = (
				3E8F20C22E13AE7D00AA75EB /* Sources */,
				3E8F20C32E13AE7D00AA75EB /* Frameworks */,
				3E8F20C42E13AE7D00AA75EB /* Resources */,
			);
			buildRules = (
			);
			dependencies = (
				3E8F20C82E13AE7D00AA75EB /* PBXTargetDependency */,
			);
			fileSystemSynchronizedGroups = (
				3E8F20C92E13AE7D00AA75EB /* TestIJKDemoUITests */,
			);
			name = TestIJKDemoUITests;
			packageProductDependencies = (
			);
			productName = TestIJKDemoUITests;
			productReference = 3E8F20C62E13AE7D00AA75EB /* TestIJKDemoUITests.xctest */;
			productType = "com.apple.product-type.bundle.ui-testing";
		};
/* End PBXNativeTarget section */

/* Begin PBXProject section */
		3E8F20A32E13AE7800AA75EB /* Project object */ = {
			isa = PBXProject;
			attributes = {
				BuildIndependentTargetsInParallel = 1;
				LastSwiftUpdateCheck = 1620;
				LastUpgradeCheck = 1620;
				TargetAttributes = {
					3E8F20AA2E13AE7800AA75EB = {
						CreatedOnToolsVersion = 16.2;
						LastSwiftMigration = 1620;
					};
					3E8F20BB2E13AE7D00AA75EB = {
						CreatedOnToolsVersion = 16.2;
						TestTargetID = 3E8F20AA2E13AE7800AA75EB;
					};
					3E8F20C52E13AE7D00AA75EB = {
						CreatedOnToolsVersion = 16.2;
						TestTargetID = 3E8F20AA2E13AE7800AA75EB;
					};
				};
			};
			buildConfigurationList = 3E8F20A62E13AE7800AA75EB /* Build configuration list for PBXProject "TestIJKDemo" */;
			developmentRegion = en;
			hasScannedForEncodings = 0;
			knownRegions = (
				en,
				Base,
			);
			mainGroup = 3E8F20A22E13AE7800AA75EB;
			minimizedProjectReferenceProxies = 1;
			preferredProjectObjectVersion = 77;
			productRefGroup = 3E8F20AC2E13AE7800AA75EB /* Products */;
			projectDirPath = "";
			projectRoot = "";
			targets = (
				3E8F20AA2E13AE7800AA75EB /* TestIJKDemo */,
				3E8F20BB2E13AE7D00AA75EB /* TestIJKDemoTests */,
				3E8F20C52E13AE7D00AA75EB /* TestIJKDemoUITests */,
			);
		};
/* End PBXProject section */

/* Begin PBXResourcesBuildPhase section */
		3E8F20A92E13AE7800AA75EB /* Resources */ = {
			isa = PBXResourcesBuildPhase;
			buildActionMask = 2147483647;
			files = (
			);
			runOnlyForDeploymentPostprocessing = 0;
		};
		3E8F20BA2E13AE7D00AA75EB /* Resources */ = {
			isa = PBXResourcesBuildPhase;
			buildActionMask = 2147483647;
			files = (
			);
			runOnlyForDeploymentPostprocessing = 0;
		};
		3E8F20C42E13AE7D00AA75EB /* Resources */ = {
			isa = PBXResourcesBuildPhase;
			buildActionMask = 2147483647;
			files = (
			);
			runOnlyForDeploymentPostprocessing = 0;
		};
/* End PBXResourcesBuildPhase section */

/* Begin PBXSourcesBuildPhase section */
		3E8F20A72E13AE7800AA75EB /* Sources */ = {
			isa = PBXSourcesBuildPhase;
			buildActionMask = 2147483647;
			files = (
			);
			runOnlyForDeploymentPostprocessing = 0;
		};
		3E8F20B82E13AE7D00AA75EB /* Sources */ = {
			isa = PBXSourcesBuildPhase;
			buildActionMask = 2147483647;
			files = (
			);
			runOnlyForDeploymentPostprocessing = 0;
		};
		3E8F20C22E13AE7D00AA75EB /* Sources */ = {
			isa = PBXSourcesBuildPhase;
			buildActionMask = 2147483647;
			files = (
			);
			runOnlyForDeploymentPostprocessing = 0;
		};
/* End PBXSourcesBuildPhase section */

/* Begin PBXTargetDependency section */
		3E8F20BE2E13AE7D00AA75EB /* PBXTargetDependency */ = {
			isa = PBXTargetDependency;
			target = 3E8F20AA2E13AE7800AA75EB /* TestIJKDemo */;
			targetProxy = 3E8F20BD2E13AE7D00AA75EB /* PBXContainerItemProxy */;
		};
		3E8F20C82E13AE7D00AA75EB /* PBXTargetDependency */ = {
			isa = PBXTargetDependency;
			target = 3E8F20AA2E13AE7800AA75EB /* TestIJKDemo */;
			targetProxy = 3E8F20C72E13AE7D00AA75EB /* PBXContainerItemProxy */;
		};
/* End PBXTargetDependency section */

/* Begin XCBuildConfiguration section */
		3E8F20CE2E13AE7D00AA75EB /* Debug */ = {
			isa = XCBuildConfiguration;
			buildSettings = {
				ALWAYS_SEARCH_USER_PATHS = NO;
				ASSETCATALOG_COMPILER_GENERATE_SWIFT_ASSET_SYMBOL_EXTENSIONS = YES;
				CLANG_ANALYZER_NONNULL = YES;
				CLANG_ANALYZER_NUMBER_OBJECT_CONVERSION = YES_AGGRESSIVE;
				CLANG_CXX_LANGUAGE_STANDARD = "gnu++20";
				CLANG_ENABLE_MODULES = YES;
				CLANG_ENABLE_OBJC_ARC = YES;
				CLANG_ENABLE_OBJC_WEAK = YES;
				CLANG_WARN_BLOCK_CAPTURE_AUTORELEASING = YES;
				CLANG_WARN_BOOL_CONVERSION = YES;
				CLANG_WARN_COMMA = YES;
				CLANG_WARN_CONSTANT_CONVERSION = YES;
				CLANG_WARN_DEPRECATED_OBJC_IMPLEMENTATIONS = YES;
				CLANG_WARN_DIRECT_OBJC_ISA_USAGE = YES_ERROR;
				CLANG_WARN_DOCUMENTATION_COMMENTS = YES;
				CLANG_WARN_EMPTY_BODY = YES;
				CLANG_WARN_ENUM_CONVERSION = YES;
				CLANG_WARN_INFINITE_RECURSION = YES;
				CLANG_WARN_INT_CONVERSION = YES;
				CLANG_WARN_NON_LITERAL_NULL_CONVERSION = YES;
				CLANG_WARN_OBJC_IMPLICIT_RETAIN_SELF = YES;
				CLANG_WARN_OBJC_LITERAL_CONVERSION = YES;
				CLANG_WARN_OBJC_ROOT_CLASS = YES_ERROR;
				CLANG_WARN_QUOTED_INCLUDE_IN_FRAMEWORK_HEADER = YES;
				CLANG_WARN_RANGE_LOOP_ANALYSIS = YES;
				CLANG_WARN_STRICT_PROTOTYPES = YES;
				CLANG_WARN_SUSPICIOUS_MOVE = YES;
				CLANG_WARN_UNGUARDED_AVAILABILITY = YES_AGGRESSIVE;
				CLANG_WARN_UNREACHABLE_CODE = YES;
				CLANG_WARN__DUPLICATE_METHOD_MATCH = YES;
				COPY_PHASE_STRIP = NO;
				DEBUG_INFORMATION_FORMAT = dwarf;
				ENABLE_STRICT_OBJC_MSGSEND = YES;
				ENABLE_TESTABILITY = YES;
				ENABLE_USER_SCRIPT_SANDBOXING = YES;
				GCC_C_LANGUAGE_STANDARD = gnu17;
				GCC_DYNAMIC_NO_PIC = NO;
				GCC_NO_COMMON_BLOCKS = YES;
				GCC_OPTIMIZATION_LEVEL = 0;
				GCC_PREPROCESSOR_DEFINITIONS = (
					"DEBUG=1",
					"$(inherited)",
				);
				GCC_WARN_64_TO_32_BIT_CONVERSION = YES;
				GCC_WARN_ABOUT_RETURN_TYPE = YES_ERROR;
				GCC_WARN_UNDECLARED_SELECTOR = YES;
				GCC_WARN_UNINITIALIZED_AUTOS = YES_AGGRESSIVE;
				GCC_WARN_UNUSED_FUNCTION = YES;
				GCC_WARN_UNUSED_VARIABLE = YES;
				LOCALIZATION_PREFERS_STRING_CATALOGS = YES;
				MTL_ENABLE_DEBUG_INFO = INCLUDE_SOURCE;
				MTL_FAST_MATH = YES;
				ONLY_ACTIVE_ARCH = YES;
				SWIFT_ACTIVE_COMPILATION_CONDITIONS = "DEBUG $(inherited)";
				SWIFT_OPTIMIZATION_LEVEL = "-Onone";
			};
			name = Debug;
		};
		3E8F20CF2E13AE7D00AA75EB /* Release */ = {
			isa = XCBuildConfiguration;
			buildSettings = {
				ALWAYS_SEARCH_USER_PATHS = NO;
				ASSETCATALOG_COMPILER_GENERATE_SWIFT_ASSET_SYMBOL_EXTENSIONS = YES;
				CLANG_ANALYZER_NONNULL = YES;
				CLANG_ANALYZER_NUMBER_OBJECT_CONVERSION = YES_AGGRESSIVE;
				CLANG_CXX_LANGUAGE_STANDARD = "gnu++20";
				CLANG_ENABLE_MODULES = YES;
				CLANG_ENABLE_OBJC_ARC = YES;
				CLANG_ENABLE_OBJC_WEAK = YES;
				CLANG_WARN_BLOCK_CAPTURE_AUTORELEASING = YES;
				CLANG_WARN_BOOL_CONVERSION = YES;
				CLANG_WARN_COMMA = YES;
				CLANG_WARN_CONSTANT_CONVERSION = YES;
				CLANG_WARN_DEPRECATED_OBJC_IMPLEMENTATIONS = YES;
				CLANG_WARN_DIRECT_OBJC_ISA_USAGE = YES_ERROR;
				CLANG_WARN_DOCUMENTATION_COMMENTS = YES;
				CLANG_WARN_EMPTY_BODY = YES;
				CLANG_WARN_ENUM_CONVERSION = YES;
				CLANG_WARN_INFINITE_RECURSION = YES;
				CLANG_WARN_INT_CONVERSION = YES;
				CLANG_WARN_NON_LITERAL_NULL_CONVERSION = YES;
				CLANG_WARN_OBJC_IMPLICIT_RETAIN_SELF = YES;
				CLANG_WARN_OBJC_LITERAL_CONVERSION = YES;
				CLANG_WARN_OBJC_ROOT_CLASS = YES_ERROR;
				CLANG_WARN_QUOTED_INCLUDE_IN_FRAMEWORK_HEADER = YES;
				CLANG_WARN_RANGE_LOOP_ANALYSIS = YES;
				CLANG_WARN_STRICT_PROTOTYPES = YES;
				CLANG_WARN_SUSPICIOUS_MOVE = YES;
				CLANG_WARN_UNGUARDED_AVAILABILITY = YES_AGGRESSIVE;
				CLANG_WARN_UNREACHABLE_CODE = YES;
				CLANG_WARN__DUPLICATE_METHOD_MATCH = YES;
				COPY_PHASE_STRIP = NO;
				DEBUG_INFORMATION_FORMAT = "dwarf-with-dsym";
				ENABLE_NS_ASSERTIONS = NO;
				ENABLE_STRICT_OBJC_MSGSEND = YES;
				ENABLE_USER_SCRIPT_SANDBOXING = YES;
				GCC_C_LANGUAGE_STANDARD = gnu17;
				GCC_NO_COMMON_BLOCKS = YES;
				GCC_WARN_64_TO_32_BIT_CONVERSION = YES;
				GCC_WARN_ABOUT_RETURN_TYPE = YES_ERROR;
				GCC_WARN_UNDECLARED_SELECTOR = YES;
				GCC_WARN_UNINITIALIZED_AUTOS = YES_AGGRESSIVE;
				GCC_WARN_UNUSED_FUNCTION = YES;
				GCC_WARN_UNUSED_VARIABLE = YES;
				LOCALIZATION_PREFERS_STRING_CATALOGS = YES;
				MTL_ENABLE_DEBUG_INFO = NO;
				MTL_FAST_MATH = YES;
				SWIFT_COMPILATION_MODE = wholemodule;
			};
			name = Release;
		};
		3E8F20D12E13AE7D00AA75EB /* Debug */ = {
			isa = XCBuildConfiguration;
			buildSettings = {
				ASSETCATALOG_COMPILER_APPICON_NAME = AppIcon;
				ASSETCATALOG_COMPILER_GLOBAL_ACCENT_COLOR_NAME = AccentColor;
				CLANG_ENABLE_MODULES = YES;
				CODE_SIGN_ENTITLEMENTS = TestIJKDemo/TestIJKDemo.entitlements;
				CODE_SIGN_STYLE = Automatic;
				CURRENT_PROJECT_VERSION = 1;
				DEVELOPMENT_ASSET_PATHS = "\"TestIJKDemo/Preview Content\"";
				DEVELOPMENT_TEAM = UC28X5S5J3;
				ENABLE_HARDENED_RUNTIME = YES;
				ENABLE_PREVIEWS = YES;
				FRAMEWORK_SEARCH_PATHS = (
					"$(inherited)",
					"$(PROJECT_DIR)/Frameworks",
				);
				GENERATE_INFOPLIST_FILE = YES;
				"INFOPLIST_KEY_UIApplicationSceneManifest_Generation[sdk=iphoneos*]" = YES;
				"INFOPLIST_KEY_UIApplicationSceneManifest_Generation[sdk=iphonesimulator*]" = YES;
				"INFOPLIST_KEY_UIApplicationSupportsIndirectInputEvents[sdk=iphoneos*]" = YES;
				"INFOPLIST_KEY_UIApplicationSupportsIndirectInputEvents[sdk=iphonesimulator*]" = YES;
				"INFOPLIST_KEY_UILaunchScreen_Generation[sdk=iphoneos*]" = YES;
				"INFOPLIST_KEY_UILaunchScreen_Generation[sdk=iphonesimulator*]" = YES;
				"INFOPLIST_KEY_UIStatusBarStyle[sdk=iphoneos*]" = UIStatusBarStyleDefault;
				"INFOPLIST_KEY_UIStatusBarStyle[sdk=iphonesimulator*]" = UIStatusBarStyleDefault;
				INFOPLIST_KEY_UISupportedInterfaceOrientations_iPad = "UIInterfaceOrientationPortrait UIInterfaceOrientationPortraitUpsideDown UIInterfaceOrientationLandscapeLeft UIInterfaceOrientationLandscapeRight";
				INFOPLIST_KEY_UISupportedInterfaceOrientations_iPhone = "UIInterfaceOrientationPortrait UIInterfaceOrientationLandscapeLeft UIInterfaceOrientationLandscapeRight";
				IPHONEOS_DEPLOYMENT_TARGET = 18.2;
				LD_RUNPATH_SEARCH_PATHS = "@executable_path/Frameworks";
				"LD_RUNPATH_SEARCH_PATHS[sdk=macosx*]" = "@executable_path/../Frameworks";
				MACOSX_DEPLOYMENT_TARGET = 15.2;
				MARKETING_VERSION = 1.0;
				PRODUCT_BUNDLE_IDENTIFIER = huytran125.TestIJKDemo;
				PRODUCT_NAME = "$(TARGET_NAME)";
				SDKROOT = auto;
				SUPPORTED_PLATFORMS = "iphoneos iphonesimulator macosx xros xrsimulator";
				SWIFT_EMIT_LOC_STRINGS = YES;
				SWIFT_OBJC_BRIDGING_HEADER = "TestIJKDemo-Bridging-Header.h";
				SWIFT_OPTIMIZATION_LEVEL = "-Onone";
				SWIFT_VERSION = 5.0;
				TARGETED_DEVICE_FAMILY = "1,2,7";
				XROS_DEPLOYMENT_TARGET = 2.2;
			};
			name = Debug;
		};
		3E8F20D22E13AE7D00AA75EB /* Release */ = {
			isa = XCBuildConfiguration;
			buildSettings = {
				ASSETCATALOG_COMPILER_APPICON_NAME = AppIcon;
				ASSETCATALOG_COMPILER_GLOBAL_ACCENT_COLOR_NAME = AccentColor;
				CLANG_ENABLE_MODULES = YES;
				CODE_SIGN_ENTITLEMENTS = TestIJKDemo/TestIJKDemo.entitlements;
				CODE_SIGN_STYLE = Automatic;
				CURRENT_PROJECT_VERSION = 1;
				DEVELOPMENT_ASSET_PATHS = "\"TestIJKDemo/Preview Content\"";
				DEVELOPMENT_TEAM = UC28X5S5J3;
				ENABLE_HARDENED_RUNTIME = YES;
				ENABLE_PREVIEWS = YES;
				FRAMEWORK_SEARCH_PATHS = (
					"$(inherited)",
					"$(PROJECT_DIR)/Frameworks",
				);
				GENERATE_INFOPLIST_FILE = YES;
				"INFOPLIST_KEY_UIApplicationSceneManifest_Generation[sdk=iphoneos*]" = YES;
				"INFOPLIST_KEY_UIApplicationSceneManifest_Generation[sdk=iphonesimulator*]" = YES;
				"INFOPLIST_KEY_UIApplicationSupportsIndirectInputEvents[sdk=iphoneos*]" = YES;
				"INFOPLIST_KEY_UIApplicationSupportsIndirectInputEvents[sdk=iphonesimulator*]" = YES;
				"INFOPLIST_KEY_UILaunchScreen_Generation[sdk=iphoneos*]" = YES;
				"INFOPLIST_KEY_UILaunchScreen_Generation[sdk=iphonesimulator*]" = YES;
				"INFOPLIST_KEY_UIStatusBarStyle[sdk=iphoneos*]" = UIStatusBarStyleDefault;
				"INFOPLIST_KEY_UIStatusBarStyle[sdk=iphonesimulator*]" = UIStatusBarStyleDefault;
				INFOPLIST_KEY_UISupportedInterfaceOrientations_iPad = "UIInterfaceOrientationPortrait UIInterfaceOrientationPortraitUpsideDown UIInterfaceOrientationLandscapeLeft UIInterfaceOrientationLandscapeRight";
				INFOPLIST_KEY_UISupportedInterfaceOrientations_iPhone = "UIInterfaceOrientationPortrait UIInterfaceOrientationLandscapeLeft UIInterfaceOrientationLandscapeRight";
				IPHONEOS_DEPLOYMENT_TARGET = 18.2;
				LD_RUNPATH_SEARCH_PATHS = "@executable_path/Frameworks";
				"LD_RUNPATH_SEARCH_PATHS[sdk=macosx*]" = "@executable_path/../Frameworks";
				MACOSX_DEPLOYMENT_TARGET = 15.2;
				MARKETING_VERSION = 1.0;
				PRODUCT_BUNDLE_IDENTIFIER = huytran125.TestIJKDemo;
				PRODUCT_NAME = "$(TARGET_NAME)";
				SDKROOT = auto;
				SUPPORTED_PLATFORMS = "iphoneos iphonesimulator macosx xros xrsimulator";
				SWIFT_EMIT_LOC_STRINGS = YES;
				SWIFT_OBJC_BRIDGING_HEADER = "TestIJKDemo-Bridging-Header.h";
				SWIFT_VERSION = 5.0;
				TARGETED_DEVICE_FAMILY = "1,2,7";
				XROS_DEPLOYMENT_TARGET = 2.2;
			};
			name = Release;
		};
		3E8F20D42E13AE7D00AA75EB /* Debug */ = {
			isa = XCBuildConfiguration;
			buildSettings = {
				BUNDLE_LOADER = "$(TEST_HOST)";
				CODE_SIGN_STYLE = Automatic;
				CURRENT_PROJECT_VERSION = 1;
				DEVELOPMENT_TEAM = UC28X5S5J3;
				GENERATE_INFOPLIST_FILE = YES;
				IPHONEOS_DEPLOYMENT_TARGET = 18.2;
				MACOSX_DEPLOYMENT_TARGET = 15.2;
				MARKETING_VERSION = 1.0;
				PRODUCT_BUNDLE_IDENTIFIER = huytran125.TestIJKDemoTests;
				PRODUCT_NAME = "$(TARGET_NAME)";
				SDKROOT = auto;
				SUPPORTED_PLATFORMS = "iphoneos iphonesimulator macosx xros xrsimulator";
				SWIFT_EMIT_LOC_STRINGS = NO;
				SWIFT_VERSION = 5.0;
				TARGETED_DEVICE_FAMILY = "1,2,7";
				TEST_HOST = "$(BUILT_PRODUCTS_DIR)/TestIJKDemo.app/$(BUNDLE_EXECUTABLE_FOLDER_PATH)/TestIJKDemo";
				XROS_DEPLOYMENT_TARGET = 2.2;
			};
			name = Debug;
		};
		3E8F20D52E13AE7D00AA75EB /* Release */ = {
			isa = XCBuildConfiguration;
			buildSettings = {
				BUNDLE_LOADER = "$(TEST_HOST)";
				CODE_SIGN_STYLE = Automatic;
				CURRENT_PROJECT_VERSION = 1;
				DEVELOPMENT_TEAM = UC28X5S5J3;
				GENERATE_INFOPLIST_FILE = YES;
				IPHONEOS_DEPLOYMENT_TARGET = 18.2;
				MACOSX_DEPLOYMENT_TARGET = 15.2;
				MARKETING_VERSION = 1.0;
				PRODUCT_BUNDLE_IDENTIFIER = huytran125.TestIJKDemoTests;
				PRODUCT_NAME = "$(TARGET_NAME)";
				SDKROOT = auto;
				SUPPORTED_PLATFORMS = "iphoneos iphonesimulator macosx xros xrsimulator";
				SWIFT_EMIT_LOC_STRINGS = NO;
				SWIFT_VERSION = 5.0;
				TARGETED_DEVICE_FAMILY = "1,2,7";
				TEST_HOST = "$(BUILT_PRODUCTS_DIR)/TestIJKDemo.app/$(BUNDLE_EXECUTABLE_FOLDER_PATH)/TestIJKDemo";
				XROS_DEPLOYMENT_TARGET = 2.2;
			};
			name = Release;
		};
		3E8F20D72E13AE7D00AA75EB /* Debug */ = {
			isa = XCBuildConfiguration;
			buildSettings = {
				CODE_SIGN_STYLE = Automatic;
				CURRENT_PROJECT_VERSION = 1;
				DEVELOPMENT_TEAM = UC28X5S5J3;
				GENERATE_INFOPLIST_FILE = YES;
				IPHONEOS_DEPLOYMENT_TARGET = 18.2;
				MACOSX_DEPLOYMENT_TARGET = 15.2;
				MARKETING_VERSION = 1.0;
				PRODUCT_BUNDLE_IDENTIFIER = huytran125.TestIJKDemoUITests;
				PRODUCT_NAME = "$(TARGET_NAME)";
				SDKROOT = auto;
				SUPPORTED_PLATFORMS = "iphoneos iphonesimulator macosx xros xrsimulator";
				SWIFT_EMIT_LOC_STRINGS = NO;
				SWIFT_VERSION = 5.0;
				TARGETED_DEVICE_FAMILY = "1,2,7";
				TEST_TARGET_NAME = TestIJKDemo;
				XROS_DEPLOYMENT_TARGET = 2.2;
			};
			name = Debug;
		};
		3E8F20D82E13AE7D00AA75EB /* Release */ = {
			isa = XCBuildConfiguration;
			buildSettings = {
				CODE_SIGN_STYLE = Automatic;
				CURRENT_PROJECT_VERSION = 1;
				DEVELOPMENT_TEAM = UC28X5S5J3;
				GENERATE_INFOPLIST_FILE = YES;
				IPHONEOS_DEPLOYMENT_TARGET = 18.2;
				MACOSX_DEPLOYMENT_TARGET = 15.2;
				MARKETING_VERSION = 1.0;
				PRODUCT_BUNDLE_IDENTIFIER = huytran125.TestIJKDemoUITests;
				PRODUCT_NAME = "$(TARGET_NAME)";
				SDKROOT = auto;
				SUPPORTED_PLATFORMS = "iphoneos iphonesimulator macosx xros xrsimulator";
				SWIFT_EMIT_LOC_STRINGS = NO;
				SWIFT_VERSION = 5.0;
				TARGETED_DEVICE_FAMILY = "1,2,7";
				TEST_TARGET_NAME = TestIJKDemo;
				XROS_DEPLOYMENT_TARGET = 2.2;
			};
			name = Release;
		};
/* End XCBuildConfiguration section */

/* Begin XCConfigurationList section */
		3E8F20A62E13AE7800AA75EB /* Build configuration list for PBXProject "TestIJKDemo" */ = {
			isa = XCConfigurationList;
			buildConfigurations = (
				3E8F20CE2E13AE7D00AA75EB /* Debug */,
				3E8F20CF2E13AE7D00AA75EB /* Release */,
			);
			defaultConfigurationIsVisible = 0;
			defaultConfigurationName = Release;
		};
		3E8F20D02E13AE7D00AA75EB /* Build configuration list for PBXNativeTarget "TestIJKDemo" */ = {
			isa = XCConfigurationList;
			buildConfigurations = (
				3E8F20D12E13AE7D00AA75EB /* Debug */,
				3E8F20D22E13AE7D00AA75EB /* Release */,
			);
			defaultConfigurationIsVisible = 0;
			defaultConfigurationName = Release;
		};
		3E8F20D32E13AE7D00AA75EB /* Build configuration list for PBXNativeTarget "TestIJKDemoTests" */ = {
			isa = XCConfigurationList;
			buildConfigurations = (
				3E8F20D42E13AE7D00AA75EB /* Debug */,
				3E8F20D52E13AE7D00AA75EB /* Release */,
			);
			defaultConfigurationIsVisible = 0;
			defaultConfigurationName = Release;
		};
		3E8F20D62E13AE7D00AA75EB /* Build configuration list for PBXNativeTarget "TestIJKDemoUITests" */ = {
			isa = XCConfigurationList;
			buildConfigurations = (
				3E8F20D72E13AE7D00AA75EB /* Debug */,
				3E8F20D82E13AE7D00AA75EB /* Release */,
			);
			defaultConfigurationIsVisible = 0;
			defaultConfigurationName = Release;
		};
/* End XCConfigurationList section */
	};
	rootObject = 3E8F20A32E13AE7800AA75EB /* Project object */;
}
